
Microsoft Visual Studio Solution File, Format Version 12.00
# Visual Studio 15
VisualStudioVersion = 15.0.26124.0
MinimumVisualStudioVersion = 15.0.26124.0
Project("{FAE04EC0-301F-11D3-BF4B-00C04F79EFBC}") = "apps", "Web\apps.csproj", "{6F3DE8E0-393E-45F0-9AC1-128E07878B76}"
EndProject
Project("{2150E333-8FDC-42A3-9474-1A3956D46DE8}") = "Tests", "Tests", "{8571E758-2F01-44A1-BA72-E469A4A00E95}"
EndProject
Project("{FAE04EC0-301F-11D3-BF4B-00C04F79EFBC}") = "Gauss", "Tests\Gauss\Gauss.csproj", "{7195F9C5-A624-4112-A5CB-BA0D66B9E2A5}"
EndProject
Global
	GlobalSection(SolutionConfigurationPlatforms) = preSolution
		Debug|Any CPU = Debug|Any CPU
		Debug|x64 = Debug|x64
		Debug|x86 = Debug|x86
		Release|Any CPU = Release|Any CPU
		Release|x64 = Release|x64
		Release|x86 = Release|x86
	EndGlobalSection
	GlobalSection(SolutionProperties) = preSolution
		HideSolutionNode = FALSE
	EndGlobalSection
	GlobalSection(ProjectConfigurationPlatforms) = postSolution
		{6F3DE8E0-393E-45F0-9AC1-128E07878B76}.Debug|Any CPU.ActiveCfg = Debug|Any CPU
		{6F3DE8E0-393E-45F0-9AC1-128E07878B76}.Debug|Any CPU.Build.0 = Debug|Any CPU
		{6F3DE8E0-393E-45F0-9AC1-128E07878B76}.Debug|x64.ActiveCfg = Debug|Any CPU
		{6F3DE8E0-393E-45F0-9AC1-128E07878B76}.Debug|x64.Build.0 = Debug|Any CPU
		{6F3DE8E0-393E-45F0-9AC1-128E07878B76}.Debug|x86.ActiveCfg = Debug|Any CPU
		{6F3DE8E0-393E-45F0-9AC1-128E07878B76}.Debug|x86.Build.0 = Debug|Any CPU
		{6F3DE8E0-393E-45F0-9AC1-128E07878B76}.Release|Any CPU.ActiveCfg = Release|Any CPU
		{6F3DE8E0-393E-45F0-9AC1-128E07878B76}.Release|Any CPU.Build.0 = Release|Any CPU
		{6F3DE8E0-393E-45F0-9AC1-128E07878B76}.Release|x64.ActiveCfg = Release|Any CPU
		{6F3DE8E0-393E-45F0-9AC1-128E07878B76}.Release|x64.Build.0 = Release|Any CPU
		{6F3DE8E0-393E-45F0-9AC1-128E07878B76}.Release|x86.ActiveCfg = Release|Any CPU
		{6F3DE8E0-393E-45F0-9AC1-128E07878B76}.Release|x86.Build.0 = Release|Any CPU
		{7195F9C5-A624-4112-A5CB-BA0D66B9E2A5}.Debug|Any CPU.ActiveCfg = Debug|Any CPU
		{7195F9C5-A624-4112-A5CB-BA0D66B9E2A5}.Debug|Any CPU.Build.0 = Debug|Any CPU
		{7195F9C5-A624-4112-A5CB-BA0D66B9E2A5}.Debug|x64.ActiveCfg = Debug|Any CPU
		{7195F9C5-A624-4112-A5CB-BA0D66B9E2A5}.Debug|x64.Build.0 = Debug|Any CPU
		{7195F9C5-A624-4112-A5CB-BA0D66B9E2A5}.Debug|x86.ActiveCfg = Debug|Any CPU
		{7195F9C5-A624-4112-A5CB-BA0D66B9E2A5}.Debug|x86.Build.0 = Debug|Any CPU
		{7195F9C5-A624-4112-A5CB-BA0D66B9E2A5}.Release|Any CPU.ActiveCfg = Release|Any CPU
		{7195F9C5-A624-4112-A5CB-BA0D66B9E2A5}.Release|Any CPU.Build.0 = Release|Any CPU
		{7195F9C5-A624-4112-A5CB-BA0D66B9E2A5}.Release|x64.ActiveCfg = Release|Any CPU
		{7195F9C5-A624-4112-A5CB-BA0D66B9E2A5}.Release|x64.Build.0 = Release|Any CPU
		{7195F9C5-A624-4112-A5CB-BA0D66B9E2A5}.Release|x86.ActiveCfg = Release|Any CPU
		{7195F9C5-A624-4112-A5CB-BA0D66B9E2A5}.Release|x86.Build.0 = Release|Any CPU
	EndGlobalSection
	GlobalSection(NestedProjects) = preSolution
		{7195F9C5-A624-4112-A5CB-BA0D66B9E2A5} = {8571E758-2F01-44A1-BA72-E469A4A00E95}
	EndGlobalSection
EndGlobal
